PODS:
  - Flutter (1.0.0)
  - flutter_airpods (0.0.1):
    - Flutter
  - isar_community_flutter_libs (1.0.0):
    - Flutter

DEPENDENCIES:
  - Flutter (from `Flutter`)
  - flutter_airpods (from `.symlinks/plugins/flutter_airpods/ios`)
  - isar_community_flutter_libs (from `.symlinks/plugins/isar_community_flutter_libs/ios`)

EXTERNAL SOURCES:
  Flutter:
    :path: Flutter
  flutter_airpods:
    :path: ".symlinks/plugins/flutter_airpods/ios"
  isar_community_flutter_libs:
    :path: ".symlinks/plugins/isar_community_flutter_libs/ios"

SPEC CHECKSUMS:
  Flutter: 71a624a5bc0c04062bf19101d501e466baf2fb47
  flutter_airpods: 3594cc17b8229153ddcece8903b4564236613783
  isar_community_flutter_libs: bede843185a61a05ff364a05c9b23209523f7e0d

PODFILE CHECKSUM: 21d43ee57b0a494bc89b69744e049509d8387417

COCOAPODS: 1.16.2
